
Microsoft Visual Studio Solution File, Format Version 12.00
# Visual Studio Version 16
VisualStudioVersion = 16.0.31025.194
MinimumVisualStudioVersion = 10.0.40219.1
Project("{FAE04EC0-301F-11D3-BF4B-00C04F79EFBC}") = "NetMQCameraAudio", "NetMQCameraAudio\NetMQCameraAudio.csproj", "{D551A510-0805-4D47-8757-7C10BEA6C7E3}"
EndProject
Project("{2150E333-8FDC-42A3-9474-1A3956D46DE8}") = "Src", "Src", "{7AFEB075-E467-46B4-9591-119B3B72691A}"
EndProject
Project("{FAE04EC0-301F-11D3-BF4B-00C04F79EFBC}") = "NetMQMedia", "NetMQMedia\NetMQMedia.csproj", "{5E373188-43A0-4E44-BEEC-B7939DBD8764}"
EndProject
Global
	GlobalSection(SolutionConfigurationPlatforms) = preSolution
		Debug|Any CPU = Debug|Any CPU
		Release|Any CPU = Release|Any CPU
	EndGlobalSection
	GlobalSection(ProjectConfigurationPlatforms) = postSolution
		{D551A510-0805-4D47-8757-7C10BEA6C7E3}.Debug|Any CPU.ActiveCfg = Debug|Any CPU
		{D551A510-0805-4D47-8757-7C10BEA6C7E3}.Debug|Any CPU.Build.0 = Debug|Any CPU
		{D551A510-0805-4D47-8757-7C10BEA6C7E3}.Release|Any CPU.ActiveCfg = Release|Any CPU
		{D551A510-0805-4D47-8757-7C10BEA6C7E3}.Release|Any CPU.Build.0 = Release|Any CPU
		{5E373188-43A0-4E44-BEEC-B7939DBD8764}.Debug|Any CPU.ActiveCfg = Debug|Any CPU
		{5E373188-43A0-4E44-BEEC-B7939DBD8764}.Debug|Any CPU.Build.0 = Debug|Any CPU
		{5E373188-43A0-4E44-BEEC-B7939DBD8764}.Release|Any CPU.ActiveCfg = Release|Any CPU
		{5E373188-43A0-4E44-BEEC-B7939DBD8764}.Release|Any CPU.Build.0 = Release|Any CPU
	EndGlobalSection
	GlobalSection(SolutionProperties) = preSolution
		HideSolutionNode = FALSE
	EndGlobalSection
	GlobalSection(NestedProjects) = preSolution
		{D551A510-0805-4D47-8757-7C10BEA6C7E3} = {7AFEB075-E467-46B4-9591-119B3B72691A}
		{5E373188-43A0-4E44-BEEC-B7939DBD8764} = {7AFEB075-E467-46B4-9591-119B3B72691A}
	EndGlobalSection
	GlobalSection(ExtensibilityGlobals) = postSolution
		SolutionGuid = {83A3E175-AA19-490C-835B-B1CE4F87CFE5}
	EndGlobalSection
EndGlobal
